<?xml version="1.0" encoding="utf-8"?>
<Project ToolsVersion="4.0" xmlns="http://schemas.microsoft.com/developer/msbuild/2003">
  <ItemGroup>
    <Filter Include="Main">
      <UniqueIdentifier>{0e0cfac9-0cf0-417d-ada9-18abf3536011}</UniqueIdentifier>
    </Filter>
    <Filter Include="Utility">
      <UniqueIdentifier>{e9b69333-6eb5-4993-be82-e35ef0f9273f}</UniqueIdentifier>
    </Filter>
    <Filter Include="Test">
      <UniqueIdentifier>{d234a2ef-5f23-4f2e-9a01-00aa0123f239}</UniqueIdentifier>
    </Filter>
  </ItemGroup>
  <ItemGroup>
    <ClCompile Include="pch.cpp">
      <Filter>Utility</Filter>
    </ClCompile>
    <ClCompile Include="GameServer.cpp">
      <Filter>Main</Filter>
    </ClCompile>
    <ClCompile Include="thread_lock_test.cpp">
      <Filter>Test</Filter>
    </ClCompile>
    <ClCompile Include="AccountManager.cpp">
      <Filter>Test</Filter>
    </ClCompile>
    <ClCompile Include="PlayerManager.cpp">
      <Filter>Test</Filter>
    </ClCompile>
  </ItemGroup>
  <ItemGroup>
    <ClInclude Include="pch.h">
      <Filter>Utility</Filter>
    </ClInclude>
    <ClInclude Include="AccountManager.h">
      <Filter>Test</Filter>
    </ClInclude>
    <ClInclude Include="PlayerManager.h">
      <Filter>Test</Filter>
    </ClInclude>
  </ItemGroup>
</Project>